
Microsoft Visual Studio Solution File, Format Version 12.00
# Visual Studio Version 17
VisualStudioVersion = 17.1.32407.343
MinimumVisualStudioVersion = 10.0.40219.1
Project("{FAE04EC0-301F-11D3-BF4B-00C04F79EFBC}") = "E-shop 30063614", "E-shop 30063614\E-shop 30063614.csproj", "{858994A9-F5BE-48C1-83B9-ECB9CF8DFC3D}"
EndProject
Global
	GlobalSection(SolutionConfigurationPlatforms) = preSolution
		Debug|Any CPU = Debug|Any CPU
		Release|Any CPU = Release|Any CPU
	EndGlobalSection
	GlobalSection(ProjectConfigurationPlatforms) = postSolution
		{858994A9-F5BE-48C1-83B9-ECB9CF8DFC3D}.Debug|Any CPU.ActiveCfg = Debug|Any CPU
		{858994A9-F5BE-48C1-83B9-ECB9CF8DFC3D}.Debug|Any CPU.Build.0 = Debug|Any CPU
		{858994A9-F5BE-48C1-83B9-ECB9CF8DFC3D}.Release|Any CPU.ActiveCfg = Release|Any CPU
		{858994A9-F5BE-48C1-83B9-ECB9CF8DFC3D}.Release|Any CPU.Build.0 = Release|Any CPU
	EndGlobalSection
	GlobalSection(SolutionProperties) = preSolution
		HideSolutionNode = FALSE
	EndGlobalSection
	GlobalSection(ExtensibilityGlobals) = postSolution
		SolutionGuid = {574C8F22-AB75-4A68-9713-9EEC9687C39E}
	EndGlobalSection
EndGlobal
